{
  "name": "oauth_app",
  "version": "1.0.0",
  "lockfileVersion": 3,
  "requires": true,
  "packages": {
    "": {
      "name": "oauth_app",
      "version": "1.0.0",
      "dependencies": {
        "@wix/sdk": "^1.0.0",
        "dotenv": "^16.0.3"
      }
    },
    "node_modules/@babel/runtime": {
      "version": "7.26.10",
      "resolved": "https://registry.npmjs.org/@babel/runtime/-/runtime-7.26.10.tgz",
      "integrity": "sha512-2WJMeRQPHKSPemqk/awGrAiuFfzBmOIPXKizAsVhWH9YJqLZ0H+HS4c8loHGgW6utJ3E/ejXQUsiGaQy2NZ9Fw==",
      "license": "MIT",
      "dependencies": {
        "regenerator-runtime": "^0.14.0"
      },
      "engines": {
        "node": ">=6.9.0"
      }
    },
    "node_modules/@wix/auto_sdk_identity_authentication": {
      "version": "1.0.0",
      "resolved": "https://registry.npmjs.org/@wix/auto_sdk_identity_authentication/-/auto_sdk_identity_authentication-1.0.0.tgz",
      "integrity": "sha512-CIzynTC69ycGR0frZnZK8CabT5BBxb0yVb/z6e/I48xIfOSd1eTIa9f+p8A8BTKGMQnM1fifsX1bgle3NSl4iw==",
      "dependencies": {
        "@wix/sdk-runtime": "^0.3.35",
        "@wix/sdk-types": "^1.12.4"
      }
    },
    "node_modules/@wix/auto_sdk_identity_oauth": {
      "version": "1.0.0",
      "resolved": "https://registry.npmjs.org/@wix/auto_sdk_identity_oauth/-/auto_sdk_identity_oauth-1.0.0.tgz",
      "integrity": "sha512-wOqVw8kFBAVRq1NmnJn8YJiyqOMZKd2PYd+4sdrHoqj4C1HKNSR2fXmGPl5uJLIwQeemiJOZUGFVIgFhgI5HqQ==",
      "dependencies": {
        "@wix/sdk-runtime": "^0.3.35",
        "@wix/sdk-types": "^1.12.4"
      }
    },
    "node_modules/@wix/auto_sdk_identity_recovery": {
      "version": "1.0.0",
      "resolved": "https://registry.npmjs.org/@wix/auto_sdk_identity_recovery/-/auto_sdk_identity_recovery-1.0.0.tgz",
      "integrity": "sha512-hc5dhKK+ScnACBerbOCA5ejVe9HNIjurEyGGsz9yvxWfABOaTMBKQ4zfl3O3WcRFQofAMHdae2GnZYscQa4N0w==",
      "dependencies": {
        "@wix/sdk-runtime": "^0.3.35",
        "@wix/sdk-types": "^1.12.4"
      }
    },
    "node_modules/@wix/auto_sdk_identity_verification": {
      "version": "1.0.0",
      "resolved": "https://registry.npmjs.org/@wix/auto_sdk_identity_verification/-/auto_sdk_identity_verification-1.0.0.tgz",
      "integrity": "sha512-nQbL5SP4OfnXpUmlMK+1OpYpj7ncmu8iU5l8Mom0GkznP3sZV1b8VLlP0T99gCS1JxCY3Ryl2LEvoSuFOAzioQ==",
      "dependencies": {
        "@wix/sdk-runtime": "^0.3.35",
        "@wix/sdk-types": "^1.12.4"
      }
    },
    "node_modules/@wix/auto_sdk_redirects_redirects": {
      "version": "1.0.2",
      "resolved": "https://registry.npmjs.org/@wix/auto_sdk_redirects_redirects/-/auto_sdk_redirects_redirects-1.0.2.tgz",
      "integrity": "sha512-/mE9YQLxQDP9LFYxJnxoqNU7+3UOTChuFFgNqZ2t/P5AsDG9pnKgVvztBPloCWUNB56k8PGcr9jC7EbVbpQYLg==",
      "dependencies": {
        "@wix/sdk-runtime": "^0.3.35",
        "@wix/sdk-types": "^1.12.4"
      }
    },
    "node_modules/@wix/identity": {
      "version": "1.0.124",
      "resolved": "https://registry.npmjs.org/@wix/identity/-/identity-1.0.124.tgz",
      "integrity": "sha512-ALfS5XYW3QJRQwsU02P9NYYQElAtmbLDL9T8FcRD1q6HhczLnwiVtA5fEQyEZmd1uKeUjlvr2nUXoiim5UAonw==",
      "dependencies": {
        "@wix/auto_sdk_identity_authentication": "1.0.0",
        "@wix/auto_sdk_identity_oauth": "1.0.0",
        "@wix/auto_sdk_identity_recovery": "1.0.0",
        "@wix/auto_sdk_identity_verification": "1.0.0"
      }
    },
    "node_modules/@wix/image-kit": {
      "version": "1.104.0",
      "resolved": "https://registry.npmjs.org/@wix/image-kit/-/image-kit-1.104.0.tgz",
      "integrity": "sha512-Qbw0UnVcJJMCSKnD8+TPceuDA1K6Lk0uSAKQuEnI14CCqJKGGgkpgKY4n1F0I0LNDSp0aJhhrL9IPlrwo0SOWQ==",
      "license": "MIT",
      "dependencies": {
        "@babel/runtime": "^7.26.0",
        "tslib": "^2.8.1"
      }
    },
    "node_modules/@wix/monitoring-types": {
      "version": "0.9.0",
      "resolved": "https://registry.npmjs.org/@wix/monitoring-types/-/monitoring-types-0.9.0.tgz",
      "integrity": "sha512-ce9McMEVzCUmal5HxdXVdZfVKHhXw3AIUOxquFy8A9zpQHt5FiHoGkSDR27PtoW9e77+muhBHgl81UcnQqfAsA==",
      "license": "UNLICENSED"
    },
    "node_modules/@wix/redirects": {
      "version": "1.0.76",
      "resolved": "https://registry.npmjs.org/@wix/redirects/-/redirects-1.0.76.tgz",
      "integrity": "sha512-QFfbRi40Sl4YMv5AOaJuLAV/FtdCiRN5U7gbuBWklqT/DuSVwchP4Fhp7tCZB7smiS47Y4ami5wlS4R7rYOPSQ==",
      "dependencies": {
        "@wix/auto_sdk_redirects_redirects": "1.0.2"
      }
    },
    "node_modules/@wix/sdk": {
      "version": "1.15.14",
      "resolved": "https://registry.npmjs.org/@wix/sdk/-/sdk-1.15.14.tgz",
      "integrity": "sha512-7EyHq1LnixRZLfGBZt1L1Knh3NU4zTUtgNoS8qzsahdEe3FdqSKsSXLZK28bbT4nA9nubw01Ay4Sa2D2kPHReg==",
      "license": "MIT",
      "dependencies": {
        "@wix/identity": "^1.0.104",
        "@wix/image-kit": "^1.102.0",
        "@wix/redirects": "^1.0.70",
        "@wix/sdk-context": "0.0.1",
        "@wix/sdk-runtime": "0.3.38",
        "@wix/sdk-types": "^1.13.6",
        "jose": "^5.10.0",
        "type-fest": "^4.37.0"
      },
      "optionalDependencies": {
        "graphql": "^0.8.0 || ^0.9.0 || ^0.10.0 || ^0.11.0 || ^0.12.0 || ^0.13.0 || ^14.0.0 || ^15.0.0 || ^16.0.0 || ^17.0.0"
      }
    },
    "node_modules/@wix/sdk-context": {
      "version": "0.0.1",
      "resolved": "https://registry.npmjs.org/@wix/sdk-context/-/sdk-context-0.0.1.tgz",
      "integrity": "sha512-ziSzrceUC0KFn4IJIVBn1cXXKrZ49ZKG5tQ6fl+TpontyUw5p/Z4VofFUUsnqNl9JYCpYNTzIXpzwok93Vrl8A==",
      "license": "UNLICENSED"
    },
    "node_modules/@wix/sdk-runtime": {
      "version": "0.3.38",
      "resolved": "https://registry.npmjs.org/@wix/sdk-runtime/-/sdk-runtime-0.3.38.tgz",
      "integrity": "sha512-018qDS4ZkJN7h5B3hm5XDjuMHwCiaEorfyZVf/0XDmWj/SXLqrUmkADscN+sM+WXhopCBSgUOqn5BZwp/lHlnQ==",
      "license": "MIT",
      "dependencies": {
        "@wix/sdk-context": "0.0.1",
        "@wix/sdk-types": "^1.13.6"
      }
    },
    "node_modules/@wix/sdk-types": {
      "version": "1.13.6",
      "resolved": "https://registry.npmjs.org/@wix/sdk-types/-/sdk-types-1.13.6.tgz",
      "integrity": "sha512-EgkfsF3A3JP1PPd3yzJgw1PJ9hnwTMwKiY5jbRH7JUtdDZm5XnP/KY8ss4SRm89d6f8uIE22VxOL4BVTeZz5ow==",
      "license": "MIT",
      "dependencies": {
        "@wix/monitoring-types": "^0.9.0"
      }
    },
    "node_modules/dotenv": {
      "version": "16.4.7",
      "resolved": "https://registry.npmjs.org/dotenv/-/dotenv-16.4.7.tgz",
      "integrity": "sha512-47qPchRCykZC03FhkYAhrvwU4xDBFIj1QPqaarj6mdM/hgUzfPHcpkHJOn3mJAufFeeAxAzeGsr5X0M4k6fLZQ==",
      "license": "BSD-2-Clause",
      "engines": {
        "node": ">=12"
      },
      "funding": {
        "url": "https://dotenvx.com"
      }
    },
    "node_modules/graphql": {
      "version": "16.10.0",
      "resolved": "https://registry.npmjs.org/graphql/-/graphql-16.10.0.tgz",
      "integrity": "sha512-AjqGKbDGUFRKIRCP9tCKiIGHyriz2oHEbPIbEtcSLSs4YjReZOIPQQWek4+6hjw62H9QShXHyaGivGiYVLeYFQ==",
      "license": "MIT",
      "optional": true,
      "engines": {
        "node": "^12.22.0 || ^14.16.0 || ^16.0.0 || >=17.0.0"
      }
    },
    "node_modules/jose": {
      "version": "5.10.0",
      "resolved": "https://registry.npmjs.org/jose/-/jose-5.10.0.tgz",
      "integrity": "sha512-s+3Al/p9g32Iq+oqXxkW//7jk2Vig6FF1CFqzVXoTUXt2qz89YWbL+OwS17NFYEvxC35n0FKeGO2LGYSxeM2Gg==",
      "license": "MIT",
      "funding": {
        "url": "https://github.com/sponsors/panva"
      }
    },
    "node_modules/regenerator-runtime": {
      "version": "0.14.1",
      "resolved": "https://registry.npmjs.org/regenerator-runtime/-/regenerator-runtime-0.14.1.tgz",
      "integrity": "sha512-dYnhHh0nJoMfnkZs6GmmhFknAGRrLznOu5nc9ML+EJxGvrx6H7teuevqVqCuPcPK//3eDrrjQhehXVx9cnkGdw==",
      "license": "MIT"
    },
    "node_modules/tslib": {
      "version": "2.8.1",
      "resolved": "https://registry.npmjs.org/tslib/-/tslib-2.8.1.tgz",
      "integrity": "sha512-oJFu94HQb+KVduSUQL7wnpmqnfmLsOA/nAh6b6EH0wCEoK0/mPeXU6c3wKDV83MkOuHPRHtSXKKU99IBazS/2w==",
      "license": "0BSD"
    },
    "node_modules/type-fest": {
      "version": "4.37.0",
      "resolved": "https://registry.npmjs.org/type-fest/-/type-fest-4.37.0.tgz",
      "integrity": "sha512-S/5/0kFftkq27FPNye0XM1e2NsnoD/3FS+pBmbjmmtLT6I+i344KoOf7pvXreaFsDamWeaJX55nczA1m5PsBDg==",
      "license": "(MIT OR CC0-1.0)",
      "engines": {
        "node": ">=16"
      },
      "funding": {
        "url": "https://github.com/sponsors/sindresorhus"
      }
    }
  }
}
